
Microsoft Visual Studio Solution File, Format Version 12.00
# Visual Studio Version 17
VisualStudioVersion = 17.0.31912.275
MinimumVisualStudioVersion = 10.0.40219.1
Project("{9A19103F-16F7-4668-BE54-9A1E7A4F7556}") = "ChkUtils.Net", "ChkUtils.Net\ChkUtils.Net.csproj", "{0603F2D7-4723-4841-840A-5C3619AA14F4}"
EndProject
Project("{9A19103F-16F7-4668-BE54-9A1E7A4F7556}") = "LogUtils.Net", "LogUtils.Net\LogUtils.Net.csproj", "{0A3C4C6E-5F12-472E-9365-7A195CC016C1}"
EndProject
Project("{9A19103F-16F7-4668-BE54-9A1E7A4F7556}") = "SpStateMachine.Net", "SpStateMachine.Net\SpStateMachine.Net.csproj", "{9B96C9A8-7B95-47C5-9D56-EB3F7BF176E7}"
EndProject
Project("{9A19103F-16F7-4668-BE54-9A1E7A4F7556}") = "SpStateMachineDemo.Net", "SpStateMachineDemo.Net\SpStateMachineDemo.Net.csproj", "{FD50314E-4CC8-45C1-8479-A1F1FFD730EA}"
EndProject
Project("{9A19103F-16F7-4668-BE54-9A1E7A4F7556}") = "LanguageFactory.Net", "LanguageFactory\LanguageFactory.Net.csproj", "{BE475B1D-0ECB-4A6B-BE96-B823484F0D13}"
EndProject
Project("{9A19103F-16F7-4668-BE54-9A1E7A4F7556}") = "StorageFactory.Net", "StorageFactory.Net\StorageFactory.Net.csproj", "{CEC86966-5271-43E2-9650-69179F162502}"
EndProject
Project("{9A19103F-16F7-4668-BE54-9A1E7A4F7556}") = "CommunicationStack.Net", "CommunicationStack.Net\CommunicationStack.Net.csproj", "{506D9E9A-3128-44DC-B733-069B05EA6586}"
EndProject
Project("{9A19103F-16F7-4668-BE54-9A1E7A4F7556}") = "BluetoothCommon.Net", "BluetoothCommon.Net\BluetoothCommon.Net.csproj", "{280EDA60-8AE5-4EF6-9080-F832918E03C2}"
EndProject
Project("{9A19103F-16F7-4668-BE54-9A1E7A4F7556}") = "BluetoothLE.Net", "BluetoothLE\BluetoothLE.Net.csproj", "{D19EA824-10D3-4BB0-A904-B69C84200524}"
EndProject
Project("{2150E333-8FDC-42A3-9474-1A3956D46DE8}") = "Solution Items", "Solution Items", "{8554514B-AA53-4E31-8F8D-E5847F7BDC6B}"
	ProjectSection(SolutionItems) = preProject
		ErrorListForSolution.xml = ErrorListForSolution.xml
	EndProjectSection
EndProject
Project("{9A19103F-16F7-4668-BE54-9A1E7A4F7556}") = "DependencyInjectorFactory.Net", "DependencyInjectorFactory\DependencyInjectorFactory.Net.csproj", "{E0AEE7C4-C31C-4C1F-835A-C2AE344477ED}"
EndProject
Project("{9A19103F-16F7-4668-BE54-9A1E7A4F7556}") = "IconFactory.Net", "IconFactory\IconFactory.Net.csproj", "{B9BD2FE0-6B4A-40EA-ADA2-681DCA95EB6C}"
EndProject
Project("{9A19103F-16F7-4668-BE54-9A1E7A4F7556}") = "VariousUtils.Net", "VariousUtils\VariousUtils.Net.csproj", "{E205B8F3-992D-4C85-B164-B4B23369EA08}"
EndProject
Project("{9A19103F-16F7-4668-BE54-9A1E7A4F7556}") = "TestCases.Core", "TestCases.Core\TestCases.Core.csproj", "{888DBB00-394C-4C9A-A330-889A57F72B4B}"
EndProject
Project("{9A19103F-16F7-4668-BE54-9A1E7A4F7556}") = "SpStateMachineDemo.Core.UI", "SpStateMachineDemo.Core.UI\SpStateMachineDemo.Core.UI.csproj", "{564511AF-DED4-4979-BC7A-6127CEF55218}"
EndProject
Project("{9A19103F-16F7-4668-BE54-9A1E7A4F7556}") = "WifiCommon.Net", "WifiCommon.Net\WifiCommon.Net.csproj", "{3EF5CF10-BCC8-481A-A903-16964136DFE1}"
EndProject
Project("{9A19103F-16F7-4668-BE54-9A1E7A4F7556}") = "Common.Net", "Common.Net\Common.Net.csproj", "{AAB6FB7C-91AF-4DA8-AA8D-B29D18C50E86}"
EndProject
Project("{9A19103F-16F7-4668-BE54-9A1E7A4F7556}") = "SerialCommon.Net", "SerialCommon.Net\SerialCommon.Net.csproj", "{29F7BCEF-ADA6-4472-9453-57E8DD743DC0}"
EndProject
Project("{9A19103F-16F7-4668-BE54-9A1E7A4F7556}") = "Ethernet.Common.Net", "Ethernet.Common.Net\Ethernet.Common.Net.csproj", "{831609EA-1953-40B5-B1F3-0C44B5EF3EF5}"
EndProject
Project("{9A19103F-16F7-4668-BE54-9A1E7A4F7556}") = "TestCaseSupport.Core", "TestCaseSupport.Core\TestCaseSupport.Core.csproj", "{9EE973DF-7483-452E-B708-3520EAAAC909}"
EndProject
Global
	GlobalSection(SolutionConfigurationPlatforms) = preSolution
		Debug|Any CPU = Debug|Any CPU
		Release|Any CPU = Release|Any CPU
	EndGlobalSection
	GlobalSection(ProjectConfigurationPlatforms) = postSolution
		{0603F2D7-4723-4841-840A-5C3619AA14F4}.Debug|Any CPU.ActiveCfg = Debug|Any CPU
		{0603F2D7-4723-4841-840A-5C3619AA14F4}.Debug|Any CPU.Build.0 = Debug|Any CPU
		{0603F2D7-4723-4841-840A-5C3619AA14F4}.Release|Any CPU.ActiveCfg = Release|Any CPU
		{0603F2D7-4723-4841-840A-5C3619AA14F4}.Release|Any CPU.Build.0 = Release|Any CPU
		{0A3C4C6E-5F12-472E-9365-7A195CC016C1}.Debug|Any CPU.ActiveCfg = Debug|Any CPU
		{0A3C4C6E-5F12-472E-9365-7A195CC016C1}.Debug|Any CPU.Build.0 = Debug|Any CPU
		{0A3C4C6E-5F12-472E-9365-7A195CC016C1}.Release|Any CPU.ActiveCfg = Release|Any CPU
		{0A3C4C6E-5F12-472E-9365-7A195CC016C1}.Release|Any CPU.Build.0 = Release|Any CPU
		{9B96C9A8-7B95-47C5-9D56-EB3F7BF176E7}.Debug|Any CPU.ActiveCfg = Debug|Any CPU
		{9B96C9A8-7B95-47C5-9D56-EB3F7BF176E7}.Debug|Any CPU.Build.0 = Debug|Any CPU
		{9B96C9A8-7B95-47C5-9D56-EB3F7BF176E7}.Release|Any CPU.ActiveCfg = Release|Any CPU
		{9B96C9A8-7B95-47C5-9D56-EB3F7BF176E7}.Release|Any CPU.Build.0 = Release|Any CPU
		{FD50314E-4CC8-45C1-8479-A1F1FFD730EA}.Debug|Any CPU.ActiveCfg = Debug|Any CPU
		{FD50314E-4CC8-45C1-8479-A1F1FFD730EA}.Debug|Any CPU.Build.0 = Debug|Any CPU
		{FD50314E-4CC8-45C1-8479-A1F1FFD730EA}.Release|Any CPU.ActiveCfg = Release|Any CPU
		{FD50314E-4CC8-45C1-8479-A1F1FFD730EA}.Release|Any CPU.Build.0 = Release|Any CPU
		{BE475B1D-0ECB-4A6B-BE96-B823484F0D13}.Debug|Any CPU.ActiveCfg = Debug|Any CPU
		{BE475B1D-0ECB-4A6B-BE96-B823484F0D13}.Debug|Any CPU.Build.0 = Debug|Any CPU
		{BE475B1D-0ECB-4A6B-BE96-B823484F0D13}.Release|Any CPU.ActiveCfg = Release|Any CPU
		{BE475B1D-0ECB-4A6B-BE96-B823484F0D13}.Release|Any CPU.Build.0 = Release|Any CPU
		{CEC86966-5271-43E2-9650-69179F162502}.Debug|Any CPU.ActiveCfg = Debug|Any CPU
		{CEC86966-5271-43E2-9650-69179F162502}.Debug|Any CPU.Build.0 = Debug|Any CPU
		{CEC86966-5271-43E2-9650-69179F162502}.Release|Any CPU.ActiveCfg = Release|Any CPU
		{CEC86966-5271-43E2-9650-69179F162502}.Release|Any CPU.Build.0 = Release|Any CPU
		{506D9E9A-3128-44DC-B733-069B05EA6586}.Debug|Any CPU.ActiveCfg = Debug|Any CPU
		{506D9E9A-3128-44DC-B733-069B05EA6586}.Debug|Any CPU.Build.0 = Debug|Any CPU
		{506D9E9A-3128-44DC-B733-069B05EA6586}.Release|Any CPU.ActiveCfg = Release|Any CPU
		{506D9E9A-3128-44DC-B733-069B05EA6586}.Release|Any CPU.Build.0 = Release|Any CPU
		{280EDA60-8AE5-4EF6-9080-F832918E03C2}.Debug|Any CPU.ActiveCfg = Debug|Any CPU
		{280EDA60-8AE5-4EF6-9080-F832918E03C2}.Debug|Any CPU.Build.0 = Debug|Any CPU
		{280EDA60-8AE5-4EF6-9080-F832918E03C2}.Release|Any CPU.ActiveCfg = Release|Any CPU
		{280EDA60-8AE5-4EF6-9080-F832918E03C2}.Release|Any CPU.Build.0 = Release|Any CPU
		{D19EA824-10D3-4BB0-A904-B69C84200524}.Debug|Any CPU.ActiveCfg = Debug|Any CPU
		{D19EA824-10D3-4BB0-A904-B69C84200524}.Debug|Any CPU.Build.0 = Debug|Any CPU
		{D19EA824-10D3-4BB0-A904-B69C84200524}.Release|Any CPU.ActiveCfg = Release|Any CPU
		{D19EA824-10D3-4BB0-A904-B69C84200524}.Release|Any CPU.Build.0 = Release|Any CPU
		{E0AEE7C4-C31C-4C1F-835A-C2AE344477ED}.Debug|Any CPU.ActiveCfg = Debug|Any CPU
		{E0AEE7C4-C31C-4C1F-835A-C2AE344477ED}.Debug|Any CPU.Build.0 = Debug|Any CPU
		{E0AEE7C4-C31C-4C1F-835A-C2AE344477ED}.Release|Any CPU.ActiveCfg = Release|Any CPU
		{E0AEE7C4-C31C-4C1F-835A-C2AE344477ED}.Release|Any CPU.Build.0 = Release|Any CPU
		{B9BD2FE0-6B4A-40EA-ADA2-681DCA95EB6C}.Debug|Any CPU.ActiveCfg = Debug|Any CPU
		{B9BD2FE0-6B4A-40EA-ADA2-681DCA95EB6C}.Debug|Any CPU.Build.0 = Debug|Any CPU
		{B9BD2FE0-6B4A-40EA-ADA2-681DCA95EB6C}.Release|Any CPU.ActiveCfg = Release|Any CPU
		{B9BD2FE0-6B4A-40EA-ADA2-681DCA95EB6C}.Release|Any CPU.Build.0 = Release|Any CPU
		{E205B8F3-992D-4C85-B164-B4B23369EA08}.Debug|Any CPU.ActiveCfg = Debug|Any CPU
		{E205B8F3-992D-4C85-B164-B4B23369EA08}.Debug|Any CPU.Build.0 = Debug|Any CPU
		{E205B8F3-992D-4C85-B164-B4B23369EA08}.Release|Any CPU.ActiveCfg = Release|Any CPU
		{E205B8F3-992D-4C85-B164-B4B23369EA08}.Release|Any CPU.Build.0 = Release|Any CPU
		{888DBB00-394C-4C9A-A330-889A57F72B4B}.Debug|Any CPU.ActiveCfg = Debug|Any CPU
		{888DBB00-394C-4C9A-A330-889A57F72B4B}.Debug|Any CPU.Build.0 = Debug|Any CPU
		{888DBB00-394C-4C9A-A330-889A57F72B4B}.Release|Any CPU.ActiveCfg = Release|Any CPU
		{888DBB00-394C-4C9A-A330-889A57F72B4B}.Release|Any CPU.Build.0 = Release|Any CPU
		{564511AF-DED4-4979-BC7A-6127CEF55218}.Debug|Any CPU.ActiveCfg = Debug|Any CPU
		{564511AF-DED4-4979-BC7A-6127CEF55218}.Debug|Any CPU.Build.0 = Debug|Any CPU
		{564511AF-DED4-4979-BC7A-6127CEF55218}.Release|Any CPU.ActiveCfg = Release|Any CPU
		{564511AF-DED4-4979-BC7A-6127CEF55218}.Release|Any CPU.Build.0 = Release|Any CPU
		{3EF5CF10-BCC8-481A-A903-16964136DFE1}.Debug|Any CPU.ActiveCfg = Debug|Any CPU
		{3EF5CF10-BCC8-481A-A903-16964136DFE1}.Debug|Any CPU.Build.0 = Debug|Any CPU
		{3EF5CF10-BCC8-481A-A903-16964136DFE1}.Release|Any CPU.ActiveCfg = Release|Any CPU
		{3EF5CF10-BCC8-481A-A903-16964136DFE1}.Release|Any CPU.Build.0 = Release|Any CPU
		{AAB6FB7C-91AF-4DA8-AA8D-B29D18C50E86}.Debug|Any CPU.ActiveCfg = Debug|Any CPU
		{AAB6FB7C-91AF-4DA8-AA8D-B29D18C50E86}.Debug|Any CPU.Build.0 = Debug|Any CPU
		{AAB6FB7C-91AF-4DA8-AA8D-B29D18C50E86}.Release|Any CPU.ActiveCfg = Release|Any CPU
		{AAB6FB7C-91AF-4DA8-AA8D-B29D18C50E86}.Release|Any CPU.Build.0 = Release|Any CPU
		{29F7BCEF-ADA6-4472-9453-57E8DD743DC0}.Debug|Any CPU.ActiveCfg = Debug|Any CPU
		{29F7BCEF-ADA6-4472-9453-57E8DD743DC0}.Debug|Any CPU.Build.0 = Debug|Any CPU
		{29F7BCEF-ADA6-4472-9453-57E8DD743DC0}.Release|Any CPU.ActiveCfg = Release|Any CPU
		{29F7BCEF-ADA6-4472-9453-57E8DD743DC0}.Release|Any CPU.Build.0 = Release|Any CPU
		{831609EA-1953-40B5-B1F3-0C44B5EF3EF5}.Debug|Any CPU.ActiveCfg = Debug|Any CPU
		{831609EA-1953-40B5-B1F3-0C44B5EF3EF5}.Debug|Any CPU.Build.0 = Debug|Any CPU
		{831609EA-1953-40B5-B1F3-0C44B5EF3EF5}.Release|Any CPU.ActiveCfg = Release|Any CPU
		{831609EA-1953-40B5-B1F3-0C44B5EF3EF5}.Release|Any CPU.Build.0 = Release|Any CPU
		{9EE973DF-7483-452E-B708-3520EAAAC909}.Debug|Any CPU.ActiveCfg = Debug|Any CPU
		{9EE973DF-7483-452E-B708-3520EAAAC909}.Debug|Any CPU.Build.0 = Debug|Any CPU
		{9EE973DF-7483-452E-B708-3520EAAAC909}.Release|Any CPU.ActiveCfg = Release|Any CPU
		{9EE973DF-7483-452E-B708-3520EAAAC909}.Release|Any CPU.Build.0 = Release|Any CPU
	EndGlobalSection
	GlobalSection(SolutionProperties) = preSolution
		HideSolutionNode = FALSE
	EndGlobalSection
	GlobalSection(ExtensibilityGlobals) = postSolution
		SolutionGuid = {85FB5CA7-8591-4F63-B579-DD57CDC68CC0}
	EndGlobalSection
EndGlobal
